
Microsoft Visual Studio Solution File, Format Version 11.00
# Visual C# Express 2010
Project("{FAE04EC0-301F-11D3-BF4B-00C04F79EFBC}") = "TriadNSim", "TriadNSim\TriadNSim.csproj", "{1B458B23-AED1-4241-9D73-B963B29A813B}"
EndProject
Project("{FAE04EC0-301F-11D3-BF4B-00C04F79EFBC}") = "DrawingPanel", "DrawingPanel\DrawingPanel.csproj", "{A0A6ED6F-DA02-46D6-A79E-F63FFE303832}"
EndProject
Project("{FAE04EC0-301F-11D3-BF4B-00C04F79EFBC}") = "TriadPad", "TriadPad\TriadPad.csproj", "{2F862A11-139B-4197-AF88-911A959D2918}"
EndProject
Project("{FAE04EC0-301F-11D3-BF4B-00C04F79EFBC}") = "TriadCompiler", "TriadCompiler\TriadCompiler.csproj", "{37AB8C52-17C6-4330-A2D3-8FD32988A684}"
EndProject
Project("{FAE04EC0-301F-11D3-BF4B-00C04F79EFBC}") = "TriadCore", "TriadCore\TriadCore.csproj", "{2FDBD413-AC61-454E-B066-77D1F01BECC9}"
EndProject
Project("{FAE04EC0-301F-11D3-BF4B-00C04F79EFBC}") = "TriadRunner", "TriadRunner\TriadRunner.csproj", "{776D87DE-3ABA-4534-B739-BFC0E82704F3}"
EndProject
Project("{FAE04EC0-301F-11D3-BF4B-00C04F79EFBC}") = "ComputerModel", "ComputerModel\ComputerModel.csproj", "{19FA80E1-9061-47A0-9C42-488F9F81B78B}"
EndProject
Global
	GlobalSection(SolutionConfigurationPlatforms) = preSolution
		Debug|Any CPU = Debug|Any CPU
		Debug|Mixed Platforms = Debug|Mixed Platforms
		Debug|x86 = Debug|x86
		Release|Any CPU = Release|Any CPU
		Release|Mixed Platforms = Release|Mixed Platforms
		Release|x86 = Release|x86
	EndGlobalSection
	GlobalSection(ProjectConfigurationPlatforms) = postSolution
		{1B458B23-AED1-4241-9D73-B963B29A813B}.Debug|Any CPU.ActiveCfg = Debug|Any CPU
		{1B458B23-AED1-4241-9D73-B963B29A813B}.Debug|Any CPU.Build.0 = Debug|Any CPU
		{1B458B23-AED1-4241-9D73-B963B29A813B}.Debug|Mixed Platforms.ActiveCfg = Debug|Any CPU
		{1B458B23-AED1-4241-9D73-B963B29A813B}.Debug|Mixed Platforms.Build.0 = Debug|Any CPU
		{1B458B23-AED1-4241-9D73-B963B29A813B}.Debug|x86.ActiveCfg = Debug|Any CPU
		{1B458B23-AED1-4241-9D73-B963B29A813B}.Release|Any CPU.ActiveCfg = Release|Any CPU
		{1B458B23-AED1-4241-9D73-B963B29A813B}.Release|Any CPU.Build.0 = Release|Any CPU
		{1B458B23-AED1-4241-9D73-B963B29A813B}.Release|Mixed Platforms.ActiveCfg = Release|Any CPU
		{1B458B23-AED1-4241-9D73-B963B29A813B}.Release|Mixed Platforms.Build.0 = Release|Any CPU
		{1B458B23-AED1-4241-9D73-B963B29A813B}.Release|x86.ActiveCfg = Release|Any CPU
		{A0A6ED6F-DA02-46D6-A79E-F63FFE303832}.Debug|Any CPU.ActiveCfg = Debug|Any CPU
		{A0A6ED6F-DA02-46D6-A79E-F63FFE303832}.Debug|Any CPU.Build.0 = Debug|Any CPU
		{A0A6ED6F-DA02-46D6-A79E-F63FFE303832}.Debug|Mixed Platforms.ActiveCfg = Debug|Any CPU
		{A0A6ED6F-DA02-46D6-A79E-F63FFE303832}.Debug|Mixed Platforms.Build.0 = Debug|Any CPU
		{A0A6ED6F-DA02-46D6-A79E-F63FFE303832}.Debug|x86.ActiveCfg = Debug|Any CPU
		{A0A6ED6F-DA02-46D6-A79E-F63FFE303832}.Release|Any CPU.ActiveCfg = Release|Any CPU
		{A0A6ED6F-DA02-46D6-A79E-F63FFE303832}.Release|Any CPU.Build.0 = Release|Any CPU
		{A0A6ED6F-DA02-46D6-A79E-F63FFE303832}.Release|Mixed Platforms.ActiveCfg = Release|Any CPU
		{A0A6ED6F-DA02-46D6-A79E-F63FFE303832}.Release|Mixed Platforms.Build.0 = Release|Any CPU
		{A0A6ED6F-DA02-46D6-A79E-F63FFE303832}.Release|x86.ActiveCfg = Release|Any CPU
		{2F862A11-139B-4197-AF88-911A959D2918}.Debug|Any CPU.ActiveCfg = Debug|Any CPU
		{2F862A11-139B-4197-AF88-911A959D2918}.Debug|Any CPU.Build.0 = Debug|Any CPU
		{2F862A11-139B-4197-AF88-911A959D2918}.Debug|Mixed Platforms.ActiveCfg = Debug|Any CPU
		{2F862A11-139B-4197-AF88-911A959D2918}.Debug|Mixed Platforms.Build.0 = Debug|Any CPU
		{2F862A11-139B-4197-AF88-911A959D2918}.Debug|x86.ActiveCfg = Debug|Any CPU
		{2F862A11-139B-4197-AF88-911A959D2918}.Release|Any CPU.ActiveCfg = Release|Any CPU
		{2F862A11-139B-4197-AF88-911A959D2918}.Release|Any CPU.Build.0 = Release|Any CPU
		{2F862A11-139B-4197-AF88-911A959D2918}.Release|Mixed Platforms.ActiveCfg = Release|Any CPU
		{2F862A11-139B-4197-AF88-911A959D2918}.Release|Mixed Platforms.Build.0 = Release|Any CPU
		{2F862A11-139B-4197-AF88-911A959D2918}.Release|x86.ActiveCfg = Release|Any CPU
		{37AB8C52-17C6-4330-A2D3-8FD32988A684}.Debug|Any CPU.ActiveCfg = Debug|Any CPU
		{37AB8C52-17C6-4330-A2D3-8FD32988A684}.Debug|Any CPU.Build.0 = Debug|Any CPU
		{37AB8C52-17C6-4330-A2D3-8FD32988A684}.Debug|Mixed Platforms.ActiveCfg = Debug|Any CPU
		{37AB8C52-17C6-4330-A2D3-8FD32988A684}.Debug|Mixed Platforms.Build.0 = Debug|Any CPU
		{37AB8C52-17C6-4330-A2D3-8FD32988A684}.Debug|x86.ActiveCfg = Debug|Any CPU
		{37AB8C52-17C6-4330-A2D3-8FD32988A684}.Release|Any CPU.ActiveCfg = Release|Any CPU
		{37AB8C52-17C6-4330-A2D3-8FD32988A684}.Release|Any CPU.Build.0 = Release|Any CPU
		{37AB8C52-17C6-4330-A2D3-8FD32988A684}.Release|Mixed Platforms.ActiveCfg = Release|Any CPU
		{37AB8C52-17C6-4330-A2D3-8FD32988A684}.Release|Mixed Platforms.Build.0 = Release|Any CPU
		{37AB8C52-17C6-4330-A2D3-8FD32988A684}.Release|x86.ActiveCfg = Release|Any CPU
		{2FDBD413-AC61-454E-B066-77D1F01BECC9}.Debug|Any CPU.ActiveCfg = Debug|Any CPU
		{2FDBD413-AC61-454E-B066-77D1F01BECC9}.Debug|Any CPU.Build.0 = Debug|Any CPU
		{2FDBD413-AC61-454E-B066-77D1F01BECC9}.Debug|Mixed Platforms.ActiveCfg = Debug|Any CPU
		{2FDBD413-AC61-454E-B066-77D1F01BECC9}.Debug|Mixed Platforms.Build.0 = Debug|Any CPU
		{2FDBD413-AC61-454E-B066-77D1F01BECC9}.Debug|x86.ActiveCfg = Debug|Any CPU
		{2FDBD413-AC61-454E-B066-77D1F01BECC9}.Release|Any CPU.ActiveCfg = Release|Any CPU
		{2FDBD413-AC61-454E-B066-77D1F01BECC9}.Release|Any CPU.Build.0 = Release|Any CPU
		{2FDBD413-AC61-454E-B066-77D1F01BECC9}.Release|Mixed Platforms.ActiveCfg = Release|Any CPU
		{2FDBD413-AC61-454E-B066-77D1F01BECC9}.Release|Mixed Platforms.Build.0 = Release|Any CPU
		{2FDBD413-AC61-454E-B066-77D1F01BECC9}.Release|x86.ActiveCfg = Release|Any CPU
		{776D87DE-3ABA-4534-B739-BFC0E82704F3}.Debug|Any CPU.ActiveCfg = Debug|Any CPU
		{776D87DE-3ABA-4534-B739-BFC0E82704F3}.Debug|Any CPU.Build.0 = Debug|Any CPU
		{776D87DE-3ABA-4534-B739-BFC0E82704F3}.Debug|Mixed Platforms.ActiveCfg = Debug|Any CPU
		{776D87DE-3ABA-4534-B739-BFC0E82704F3}.Debug|Mixed Platforms.Build.0 = Debug|Any CPU
		{776D87DE-3ABA-4534-B739-BFC0E82704F3}.Debug|x86.ActiveCfg = Debug|Any CPU
		{776D87DE-3ABA-4534-B739-BFC0E82704F3}.Release|Any CPU.ActiveCfg = Release|Any CPU
		{776D87DE-3ABA-4534-B739-BFC0E82704F3}.Release|Any CPU.Build.0 = Release|Any CPU
		{776D87DE-3ABA-4534-B739-BFC0E82704F3}.Release|Mixed Platforms.ActiveCfg = Release|Any CPU
		{776D87DE-3ABA-4534-B739-BFC0E82704F3}.Release|Mixed Platforms.Build.0 = Release|Any CPU
		{776D87DE-3ABA-4534-B739-BFC0E82704F3}.Release|x86.ActiveCfg = Release|Any CPU
		{19FA80E1-9061-47A0-9C42-488F9F81B78B}.Debug|Any CPU.ActiveCfg = Debug|x86
		{19FA80E1-9061-47A0-9C42-488F9F81B78B}.Debug|Mixed Platforms.ActiveCfg = Debug|x86
		{19FA80E1-9061-47A0-9C42-488F9F81B78B}.Debug|Mixed Platforms.Build.0 = Debug|x86
		{19FA80E1-9061-47A0-9C42-488F9F81B78B}.Debug|x86.ActiveCfg = Debug|x86
		{19FA80E1-9061-47A0-9C42-488F9F81B78B}.Debug|x86.Build.0 = Debug|x86
		{19FA80E1-9061-47A0-9C42-488F9F81B78B}.Release|Any CPU.ActiveCfg = Release|x86
		{19FA80E1-9061-47A0-9C42-488F9F81B78B}.Release|Mixed Platforms.ActiveCfg = Release|x86
		{19FA80E1-9061-47A0-9C42-488F9F81B78B}.Release|Mixed Platforms.Build.0 = Release|x86
		{19FA80E1-9061-47A0-9C42-488F9F81B78B}.Release|x86.ActiveCfg = Release|x86
		{19FA80E1-9061-47A0-9C42-488F9F81B78B}.Release|x86.Build.0 = Release|x86
	EndGlobalSection
	GlobalSection(SolutionProperties) = preSolution
		HideSolutionNode = FALSE
	EndGlobalSection
EndGlobal
